// !$*UTF8*$!
{
	archiveVersion = 1;
	classes = {
	};
	objectVersion = 56;
	objects = {

/* Begin PBXBuildFile section */
		CE0380FD2C2626120052E050 /* FileCacheTests.swift in Sources */ = {isa = PBXBuildFile; fileRef = CE0380FC2C2626110052E050 /* FileCacheTests.swift */; };
		CE0380FF2C2629430052E050 /* TodoItemTests.swift in Sources */ = {isa = PBXBuildFile; fileRef = CE0380FE2C2629430052E050 /* TodoItemTests.swift */; };
		CE23A4B32C2647D2003A48F1 /* TodoItem+Parsing.swift in Sources */ = {isa = PBXBuildFile; fileRef = CE23A4B22C2647D2003A48F1 /* TodoItem+Parsing.swift */; };
		CE23A4B42C2647D2003A48F1 /* TodoItem+Parsing.swift in Sources */ = {isa = PBXBuildFile; fileRef = CE23A4B22C2647D2003A48F1 /* TodoItem+Parsing.swift */; };
		CE962B472C359A5400D415C5 /* Color+Extension.swift in Sources */ = {isa = PBXBuildFile; fileRef = CE962B462C359A5400D415C5 /* Color+Extension.swift */; };
		CE962B4B2C35A3B700D415C5 /* TodoItemView.swift in Sources */ = {isa = PBXBuildFile; fileRef = CE962B4A2C35A3B700D415C5 /* TodoItemView.swift */; };
		CE962B4E2C35AE2100D415C5 /* TodoItemTextView.swift in Sources */ = {isa = PBXBuildFile; fileRef = CE962B4D2C35AE2100D415C5 /* TodoItemTextView.swift */; };
		CE962B502C35BDDC00D415C5 /* TaskListView.swift in Sources */ = {isa = PBXBuildFile; fileRef = CE962B4F2C35BDDC00D415C5 /* TaskListView.swift */; };
		CE962B532C35CD1700D415C5 /* TodoListViewModel.swift in Sources */ = {isa = PBXBuildFile; fileRef = CE962B522C35CD1700D415C5 /* TodoListViewModel.swift */; };
		CE962B552C35CD3900D415C5 /* TodoItemViewModel.swift in Sources */ = {isa = PBXBuildFile; fileRef = CE962B542C35CD3900D415C5 /* TodoItemViewModel.swift */; };
		CE962B572C35CF7000D415C5 /* ImportancePicker.swift in Sources */ = {isa = PBXBuildFile; fileRef = CE962B562C35CF7000D415C5 /* ImportancePicker.swift */; };
		CE962B592C35D08E00D415C5 /* DeadlinePicker.swift in Sources */ = {isa = PBXBuildFile; fileRef = CE962B582C35D08E00D415C5 /* DeadlinePicker.swift */; };
		CE962B5B2C36D5E700D415C5 /* View+Extensions.swift in Sources */ = {isa = PBXBuildFile; fileRef = CE962B5A2C36D5E700D415C5 /* View+Extensions.swift */; };
		CE962B5E2C36E25700D415C5 /* CustomColorPicker.swift in Sources */ = {isa = PBXBuildFile; fileRef = CE962B5D2C36E25700D415C5 /* CustomColorPicker.swift */; };
		CE962B602C36E2B100D415C5 /* ColorPalette.swift in Sources */ = {isa = PBXBuildFile; fileRef = CE962B5F2C36E2B100D415C5 /* ColorPalette.swift */; };
		CE962B622C37F64200D415C5 /* RadioButtonStyle.swift in Sources */ = {isa = PBXBuildFile; fileRef = CE962B612C37F64200D415C5 /* RadioButtonStyle.swift */; };
		CE962B692C38170500D415C5 /* CalendarViewControllerRepresentable.swift in Sources */ = {isa = PBXBuildFile; fileRef = CE962B682C38170400D415C5 /* CalendarViewControllerRepresentable.swift */; };
		CE962B6C2C38177300D415C5 /* CalendarViewController.swift in Sources */ = {isa = PBXBuildFile; fileRef = CE962B6B2C38177300D415C5 /* CalendarViewController.swift */; };
		CE962B932C3848A000D415C5 /* DateCollectionViewCell.swift in Sources */ = {isa = PBXBuildFile; fileRef = CE962B922C3848A000D415C5 /* DateCollectionViewCell.swift */; };
		CE962B952C384FC000D415C5 /* UIColor+Extension.swift in Sources */ = {isa = PBXBuildFile; fileRef = CE962B942C384FC000D415C5 /* UIColor+Extension.swift */; };
		CE962B992C38996900D415C5 /* RoundedTableViewCell.swift in Sources */ = {isa = PBXBuildFile; fileRef = CE962B982C38996900D415C5 /* RoundedTableViewCell.swift */; };
		CE962B9B2C38B6DD00D415C5 /* TaskCategory.swift in Sources */ = {isa = PBXBuildFile; fileRef = CE962B9A2C38B6DD00D415C5 /* TaskCategory.swift */; };
		CEBED1E22C25B6BA00EEE8D6 /* ToDoYandexApp.swift in Sources */ = {isa = PBXBuildFile; fileRef = CEBED1E12C25B6BA00EEE8D6 /* ToDoYandexApp.swift */; };
		CEBED1E62C25B6BA00EEE8D6 /* Item.swift in Sources */ = {isa = PBXBuildFile; fileRef = CEBED1E52C25B6BA00EEE8D6 /* Item.swift */; };
		CEBED1E82C25B6BB00EEE8D6 /* Assets.xcassets in Resources */ = {isa = PBXBuildFile; fileRef = CEBED1E72C25B6BB00EEE8D6 /* Assets.xcassets */; };
		CEBED1EB2C25B6BB00EEE8D6 /* Preview Assets.xcassets in Resources */ = {isa = PBXBuildFile; fileRef = CEBED1EA2C25B6BB00EEE8D6 /* Preview Assets.xcassets */; };
		CEBED2112C25B83800EEE8D6 /* TodoItem.swift in Sources */ = {isa = PBXBuildFile; fileRef = CEBED2102C25B83800EEE8D6 /* TodoItem.swift */; };
		CEBED2122C25B83800EEE8D6 /* TodoItem.swift in Sources */ = {isa = PBXBuildFile; fileRef = CEBED2102C25B83800EEE8D6 /* TodoItem.swift */; };
		CEBED21C2C25BC1C00EEE8D6 /* Importance.swift in Sources */ = {isa = PBXBuildFile; fileRef = CEBED21B2C25BC1C00EEE8D6 /* Importance.swift */; };
		CEBED21D2C25BC1C00EEE8D6 /* Importance.swift in Sources */ = {isa = PBXBuildFile; fileRef = CEBED21B2C25BC1C00EEE8D6 /* Importance.swift */; };
		CEBED2222C25BCB100EEE8D6 /* FileCache.swift in Sources */ = {isa = PBXBuildFile; fileRef = CEBED2212C25BCB100EEE8D6 /* FileCache.swift */; };
		CEBED2232C25BCB100EEE8D6 /* FileCache.swift in Sources */ = {isa = PBXBuildFile; fileRef = CEBED2212C25BCB100EEE8D6 /* FileCache.swift */; };
		CED6AE402C2C094900AF1790 /* FieldOrder.swift in Sources */ = {isa = PBXBuildFile; fileRef = CED6AE3F2C2C094900AF1790 /* FieldOrder.swift */; };
		CED6AE412C2C094900AF1790 /* FieldOrder.swift in Sources */ = {isa = PBXBuildFile; fileRef = CED6AE3F2C2C094900AF1790 /* FieldOrder.swift */; };
		CED6AE462C2C60C500AF1790 /* Date+Equal.swift in Sources */ = {isa = PBXBuildFile; fileRef = CED6AE452C2C60C500AF1790 /* Date+Equal.swift */; };
		CED6AE472C2C60C500AF1790 /* Date+Equal.swift in Sources */ = {isa = PBXBuildFile; fileRef = CED6AE452C2C60C500AF1790 /* Date+Equal.swift */; };
/* End PBXBuildFile section */

/* Begin PBXContainerItemProxy section */
		CEBED1F12C25B6BC00EEE8D6 /* PBXContainerItemProxy */ = {
			isa = PBXContainerItemProxy;
			containerPortal = CEBED1D62C25B6B900EEE8D6 /* Project object */;
			proxyType = 1;
			remoteGlobalIDString = CEBED1DD2C25B6B900EEE8D6;
			remoteInfo = ToDoAppYandex;
		};
/* End PBXContainerItemProxy section */

/* Begin PBXFileReference section */
		CE0380FC2C2626110052E050 /* FileCacheTests.swift */ = {isa = PBXFileReference; lastKnownFileType = sourcecode.swift; path = FileCacheTests.swift; sourceTree = "<group>"; };
		CE0380FE2C2629430052E050 /* TodoItemTests.swift */ = {isa = PBXFileReference; lastKnownFileType = sourcecode.swift; path = TodoItemTests.swift; sourceTree = "<group>"; };
		CE23A4B22C2647D2003A48F1 /* TodoItem+Parsing.swift */ = {isa = PBXFileReference; lastKnownFileType = sourcecode.swift; path = "TodoItem+Parsing.swift"; sourceTree = "<group>"; };
		CE962B462C359A5400D415C5 /* Color+Extension.swift */ = {isa = PBXFileReference; lastKnownFileType = sourcecode.swift; path = "Color+Extension.swift"; sourceTree = "<group>"; };
		CE962B4A2C35A3B700D415C5 /* TodoItemView.swift */ = {isa = PBXFileReference; lastKnownFileType = sourcecode.swift; path = TodoItemView.swift; sourceTree = "<group>"; };
		CE962B4D2C35AE2100D415C5 /* TodoItemTextView.swift */ = {isa = PBXFileReference; lastKnownFileType = sourcecode.swift; path = TodoItemTextView.swift; sourceTree = "<group>"; };
		CE962B4F2C35BDDC00D415C5 /* TaskListView.swift */ = {isa = PBXFileReference; lastKnownFileType = sourcecode.swift; path = TaskListView.swift; sourceTree = "<group>"; };
		CE962B522C35CD1700D415C5 /* TodoListViewModel.swift */ = {isa = PBXFileReference; lastKnownFileType = sourcecode.swift; path = TodoListViewModel.swift; sourceTree = "<group>"; };
		CE962B542C35CD3900D415C5 /* TodoItemViewModel.swift */ = {isa = PBXFileReference; lastKnownFileType = sourcecode.swift; path = TodoItemViewModel.swift; sourceTree = "<group>"; };
		CE962B562C35CF7000D415C5 /* ImportancePicker.swift */ = {isa = PBXFileReference; lastKnownFileType = sourcecode.swift; path = ImportancePicker.swift; sourceTree = "<group>"; };
		CE962B582C35D08E00D415C5 /* DeadlinePicker.swift */ = {isa = PBXFileReference; lastKnownFileType = sourcecode.swift; path = DeadlinePicker.swift; sourceTree = "<group>"; };
		CE962B5A2C36D5E700D415C5 /* View+Extensions.swift */ = {isa = PBXFileReference; lastKnownFileType = sourcecode.swift; path = "View+Extensions.swift"; sourceTree = "<group>"; };
		CE962B5D2C36E25700D415C5 /* CustomColorPicker.swift */ = {isa = PBXFileReference; lastKnownFileType = sourcecode.swift; path = CustomColorPicker.swift; sourceTree = "<group>"; };
		CE962B5F2C36E2B100D415C5 /* ColorPalette.swift */ = {isa = PBXFileReference; lastKnownFileType = sourcecode.swift; path = ColorPalette.swift; sourceTree = "<group>"; };
		CE962B612C37F64200D415C5 /* RadioButtonStyle.swift */ = {isa = PBXFileReference; fileEncoding = 4; lastKnownFileType = sourcecode.swift; path = RadioButtonStyle.swift; sourceTree = "<group>"; };
		CE962B682C38170400D415C5 /* CalendarViewControllerRepresentable.swift */ = {isa = PBXFileReference; lastKnownFileType = sourcecode.swift; path = CalendarViewControllerRepresentable.swift; sourceTree = "<group>"; };
		CE962B6B2C38177300D415C5 /* CalendarViewController.swift */ = {isa = PBXFileReference; lastKnownFileType = sourcecode.swift; path = CalendarViewController.swift; sourceTree = "<group>"; };
		CE962B922C3848A000D415C5 /* DateCollectionViewCell.swift */ = {isa = PBXFileReference; lastKnownFileType = sourcecode.swift; path = DateCollectionViewCell.swift; sourceTree = "<group>"; };
		CE962B942C384FC000D415C5 /* UIColor+Extension.swift */ = {isa = PBXFileReference; lastKnownFileType = sourcecode.swift; path = "UIColor+Extension.swift"; sourceTree = "<group>"; };
		CE962B982C38996900D415C5 /* RoundedTableViewCell.swift */ = {isa = PBXFileReference; lastKnownFileType = sourcecode.swift; path = RoundedTableViewCell.swift; sourceTree = "<group>"; };
		CE962B9A2C38B6DD00D415C5 /* TaskCategory.swift */ = {isa = PBXFileReference; lastKnownFileType = sourcecode.swift; path = TaskCategory.swift; sourceTree = "<group>"; };
		CEBED1DE2C25B6B900EEE8D6 /* ToDoAppYandex.app */ = {isa = PBXFileReference; explicitFileType = wrapper.application; includeInIndex = 0; path = ToDoAppYandex.app; sourceTree = BUILT_PRODUCTS_DIR; };
		CEBED1E12C25B6BA00EEE8D6 /* ToDoYandexApp.swift */ = {isa = PBXFileReference; lastKnownFileType = sourcecode.swift; path = ToDoYandexApp.swift; sourceTree = "<group>"; };
		CEBED1E52C25B6BA00EEE8D6 /* Item.swift */ = {isa = PBXFileReference; lastKnownFileType = sourcecode.swift; path = Item.swift; sourceTree = "<group>"; };
		CEBED1E72C25B6BB00EEE8D6 /* Assets.xcassets */ = {isa = PBXFileReference; lastKnownFileType = folder.assetcatalog; path = Assets.xcassets; sourceTree = "<group>"; };
		CEBED1EA2C25B6BB00EEE8D6 /* Preview Assets.xcassets */ = {isa = PBXFileReference; lastKnownFileType = folder.assetcatalog; path = "Preview Assets.xcassets"; sourceTree = "<group>"; };
		CEBED1F02C25B6BC00EEE8D6 /* ToDoAppYandexTests.xctest */ = {isa = PBXFileReference; explicitFileType = wrapper.cfbundle; includeInIndex = 0; path = ToDoAppYandexTests.xctest; sourceTree = BUILT_PRODUCTS_DIR; };
		CEBED2102C25B83800EEE8D6 /* TodoItem.swift */ = {isa = PBXFileReference; lastKnownFileType = sourcecode.swift; path = TodoItem.swift; sourceTree = "<group>"; };
		CEBED21B2C25BC1C00EEE8D6 /* Importance.swift */ = {isa = PBXFileReference; lastKnownFileType = sourcecode.swift; path = Importance.swift; sourceTree = "<group>"; };
		CEBED2212C25BCB100EEE8D6 /* FileCache.swift */ = {isa = PBXFileReference; lastKnownFileType = sourcecode.swift; path = FileCache.swift; sourceTree = "<group>"; };
		CED6AE3F2C2C094900AF1790 /* FieldOrder.swift */ = {isa = PBXFileReference; lastKnownFileType = sourcecode.swift; path = FieldOrder.swift; sourceTree = "<group>"; };
		CED6AE452C2C60C500AF1790 /* Date+Equal.swift */ = {isa = PBXFileReference; lastKnownFileType = sourcecode.swift; path = "Date+Equal.swift"; sourceTree = "<group>"; };
/* End PBXFileReference section */

/* Begin PBXFrameworksBuildPhase section */
		CEBED1DB2C25B6B900EEE8D6 /* Frameworks */ = {
			isa = PBXFrameworksBuildPhase;
			buildActionMask = 2147483647;
			files = (
			);
			runOnlyForDeploymentPostprocessing = 0;
		};
		CEBED1ED2C25B6BC00EEE8D6 /* Frameworks */ = {
			isa = PBXFrameworksBuildPhase;
			buildActionMask = 2147483647;
			files = (
			);
			runOnlyForDeploymentPostprocessing = 0;
		};
/* End PBXFrameworksBuildPhase section */

/* Begin PBXGroup section */
		CE962B492C35A39300D415C5 /* Views */ = {
			isa = PBXGroup;
			children = (
				CE962B9C2C38BEC900D415C5 /* SettingsView */,
				CE962B6A2C38175900D415C5 /* Calendar */,
				CE962B5C2C36E18B00D415C5 /* TodoListView */,
				CE962B4C2C35ADC900D415C5 /* TodoItemView */,
			);
			path = Views;
			sourceTree = "<group>";
		};
		CE962B4C2C35ADC900D415C5 /* TodoItemView */ = {
			isa = PBXGroup;
			children = (
				CE962B4A2C35A3B700D415C5 /* TodoItemView.swift */,
				CE962B4D2C35AE2100D415C5 /* TodoItemTextView.swift */,
				CE962B562C35CF7000D415C5 /* ImportancePicker.swift */,
				CE962B582C35D08E00D415C5 /* DeadlinePicker.swift */,
				CE962B5D2C36E25700D415C5 /* CustomColorPicker.swift */,
				CE962B5F2C36E2B100D415C5 /* ColorPalette.swift */,
			);
			path = TodoItemView;
			sourceTree = "<group>";
		};
		CE962B512C35CCFC00D415C5 /* ViewModels */ = {
			isa = PBXGroup;
			children = (
				CE962B522C35CD1700D415C5 /* TodoListViewModel.swift */,
				CE962B542C35CD3900D415C5 /* TodoItemViewModel.swift */,
			);
			path = ViewModels;
			sourceTree = "<group>";
		};
		CE962B5C2C36E18B00D415C5 /* TodoListView */ = {
			isa = PBXGroup;
			children = (
				CE962B612C37F64200D415C5 /* RadioButtonStyle.swift */,
				CE962B4F2C35BDDC00D415C5 /* TaskListView.swift */,
			);
			path = TodoListView;
			sourceTree = "<group>";
		};
		CE962B672C3816DA00D415C5 /* Helpers */ = {
			isa = PBXGroup;
			children = (
				CE962B682C38170400D415C5 /* CalendarViewControllerRepresentable.swift */,
			);
			path = Helpers;
			sourceTree = "<group>";
		};
		CE962B6A2C38175900D415C5 /* Calendar */ = {
			isa = PBXGroup;
			children = (
				CE962B922C3848A000D415C5 /* DateCollectionViewCell.swift */,
				CE962B982C38996900D415C5 /* RoundedTableViewCell.swift */,
			);
			path = Calendar;
			sourceTree = "<group>";
		};
		CE962B6D2C38370600D415C5 /* ViewControllers */ = {
			isa = PBXGroup;
			children = (
				CE962B6B2C38177300D415C5 /* CalendarViewController.swift */,
			);
			path = ViewControllers;
			sourceTree = "<group>";
		};
		CE962B9C2C38BEC900D415C5 /* SettingsView */ = {
			isa = PBXGroup;
			children = (
			);
			path = SettingsView;
			sourceTree = "<group>";
		};
		CEBED1D52C25B6B900EEE8D6 = {
			isa = PBXGroup;
			children = (
				CEBED1E02C25B6BA00EEE8D6 /* ToDoAppYandex */,
				CEBED1F32C25B6BC00EEE8D6 /* ToDoAppYandexTests */,
				CEBED1DF2C25B6B900EEE8D6 /* Products */,
			);
			sourceTree = "<group>";
		};
		CEBED1DF2C25B6B900EEE8D6 /* Products */ = {
			isa = PBXGroup;
			children = (
				CEBED1DE2C25B6B900EEE8D6 /* ToDoAppYandex.app */,
				CEBED1F02C25B6BC00EEE8D6 /* ToDoAppYandexTests.xctest */,
			);
			name = Products;
			sourceTree = "<group>";
		};
		CEBED1E02C25B6BA00EEE8D6 /* ToDoAppYandex */ = {
			isa = PBXGroup;
			children = (
				CE962B6D2C38370600D415C5 /* ViewControllers */,
				CE962B672C3816DA00D415C5 /* Helpers */,
				CE962B512C35CCFC00D415C5 /* ViewModels */,
				CE962B492C35A39300D415C5 /* Views */,
				CEBED20D2C25B7E600EEE8D6 /* Models */,
				CEBED2132C25B85300EEE8D6 /* Utils */,
				CEBED2182C25B8A900EEE8D6 /* Extensions */,
				CEBED1E12C25B6BA00EEE8D6 /* ToDoYandexApp.swift */,
				CEBED1E52C25B6BA00EEE8D6 /* Item.swift */,
				CEBED1E72C25B6BB00EEE8D6 /* Assets.xcassets */,
				CEBED1E92C25B6BB00EEE8D6 /* Preview Content */,
			);
			path = ToDoAppYandex;
			sourceTree = "<group>";
		};
		CEBED1E92C25B6BB00EEE8D6 /* Preview Content */ = {
			isa = PBXGroup;
			children = (
				CEBED1EA2C25B6BB00EEE8D6 /* Preview Assets.xcassets */,
			);
			path = "Preview Content";
			sourceTree = "<group>";
		};
		CEBED1F32C25B6BC00EEE8D6 /* ToDoAppYandexTests */ = {
			isa = PBXGroup;
			children = (
				CE0380FC2C2626110052E050 /* FileCacheTests.swift */,
				CE0380FE2C2629430052E050 /* TodoItemTests.swift */,
			);
			path = ToDoAppYandexTests;
			sourceTree = "<group>";
		};
		CEBED20D2C25B7E600EEE8D6 /* Models */ = {
			isa = PBXGroup;
			children = (
				CEBED2102C25B83800EEE8D6 /* TodoItem.swift */,
				CEBED21B2C25BC1C00EEE8D6 /* Importance.swift */,
				CED6AE3F2C2C094900AF1790 /* FieldOrder.swift */,
			);
			path = Models;
			sourceTree = "<group>";
		};
		CEBED2132C25B85300EEE8D6 /* Utils */ = {
			isa = PBXGroup;
			children = (
				CEBED2212C25BCB100EEE8D6 /* FileCache.swift */,
				CE962B9A2C38B6DD00D415C5 /* TaskCategory.swift */,
			);
			path = Utils;
			sourceTree = "<group>";
		};
		CEBED2182C25B8A900EEE8D6 /* Extensions */ = {
			isa = PBXGroup;
			children = (
				CE23A4B22C2647D2003A48F1 /* TodoItem+Parsing.swift */,
				CED6AE452C2C60C500AF1790 /* Date+Equal.swift */,
				CE962B462C359A5400D415C5 /* Color+Extension.swift */,
				CE962B5A2C36D5E700D415C5 /* View+Extensions.swift */,
				CE962B942C384FC000D415C5 /* UIColor+Extension.swift */,
			);
			path = Extensions;
			sourceTree = "<group>";
		};
/* End PBXGroup section */

/* Begin PBXNativeTarget section */
		CEBED1DD2C25B6B900EEE8D6 /* ToDoAppYandex */ = {
			isa = PBXNativeTarget;
			buildConfigurationList = CEBED2042C25B6BC00EEE8D6 /* Build configuration list for PBXNativeTarget "ToDoAppYandex" */;
			buildPhases = (
				CEBED1DA2C25B6B900EEE8D6 /* Sources */,
				CEBED1DB2C25B6B900EEE8D6 /* Frameworks */,
				CEBED1DC2C25B6B900EEE8D6 /* Resources */,
			);
			buildRules = (
			);
			dependencies = (
			);
			name = ToDoAppYandex;
			productName = ToDoAppYandex;
			productReference = CEBED1DE2C25B6B900EEE8D6 /* ToDoAppYandex.app */;
			productType = "com.apple.product-type.application";
		};
		CEBED1EF2C25B6BC00EEE8D6 /* ToDoAppYandexTests */ = {
			isa = PBXNativeTarget;
			buildConfigurationList = CEBED2072C25B6BC00EEE8D6 /* Build configuration list for PBXNativeTarget "ToDoAppYandexTests" */;
			buildPhases = (
				CEBED1EC2C25B6BC00EEE8D6 /* Sources */,
				CEBED1ED2C25B6BC00EEE8D6 /* Frameworks */,
				CEBED1EE2C25B6BC00EEE8D6 /* Resources */,
			);
			buildRules = (
			);
			dependencies = (
				CEBED1F22C25B6BC00EEE8D6 /* PBXTargetDependency */,
			);
			name = ToDoAppYandexTests;
			productName = ToDoAppYandexTests;
			productReference = CEBED1F02C25B6BC00EEE8D6 /* ToDoAppYandexTests.xctest */;
			productType = "com.apple.product-type.bundle.unit-test";
		};
/* End PBXNativeTarget section */

/* Begin PBXProject section */
		CEBED1D62C25B6B900EEE8D6 /* Project object */ = {
			isa = PBXProject;
			attributes = {
				BuildIndependentTargetsInParallel = 1;
				LastSwiftUpdateCheck = 1540;
				LastUpgradeCheck = 1540;
				TargetAttributes = {
					CEBED1DD2C25B6B900EEE8D6 = {
						CreatedOnToolsVersion = 15.4;
					};
					CEBED1EF2C25B6BC00EEE8D6 = {
						CreatedOnToolsVersion = 15.4;
						TestTargetID = CEBED1DD2C25B6B900EEE8D6;
					};
				};
			};
			buildConfigurationList = CEBED1D92C25B6B900EEE8D6 /* Build configuration list for PBXProject "ToDoAppYandex" */;
			compatibilityVersion = "Xcode 14.0";
			developmentRegion = en;
			hasScannedForEncodings = 0;
			knownRegions = (
				en,
				Base,
			);
			mainGroup = CEBED1D52C25B6B900EEE8D6;
			productRefGroup = CEBED1DF2C25B6B900EEE8D6 /* Products */;
			projectDirPath = "";
			projectRoot = "";
			targets = (
				CEBED1DD2C25B6B900EEE8D6 /* ToDoAppYandex */,
				CEBED1EF2C25B6BC00EEE8D6 /* ToDoAppYandexTests */,
			);
		};
/* End PBXProject section */

/* Begin PBXResourcesBuildPhase section */
		CEBED1DC2C25B6B900EEE8D6 /* Resources */ = {
			isa = PBXResourcesBuildPhase;
			buildActionMask = 2147483647;
			files = (
				CEBED1EB2C25B6BB00EEE8D6 /* Preview Assets.xcassets in Resources */,
				CEBED1E82C25B6BB00EEE8D6 /* Assets.xcassets in Resources */,
			);
			runOnlyForDeploymentPostprocessing = 0;
		};
		CEBED1EE2C25B6BC00EEE8D6 /* Resources */ = {
			isa = PBXResourcesBuildPhase;
			buildActionMask = 2147483647;
			files = (
			);
			runOnlyForDeploymentPostprocessing = 0;
		};
/* End PBXResourcesBuildPhase section */

/* Begin PBXSourcesBuildPhase section */
		CEBED1DA2C25B6B900EEE8D6 /* Sources */ = {
			isa = PBXSourcesBuildPhase;
			buildActionMask = 2147483647;
			files = (
				CE962B4B2C35A3B700D415C5 /* TodoItemView.swift in Sources */,
				CE962B572C35CF7000D415C5 /* ImportancePicker.swift in Sources */,
				CE962B622C37F64200D415C5 /* RadioButtonStyle.swift in Sources */,
				CE962B992C38996900D415C5 /* RoundedTableViewCell.swift in Sources */,
				CE962B932C3848A000D415C5 /* DateCollectionViewCell.swift in Sources */,
				CEBED2112C25B83800EEE8D6 /* TodoItem.swift in Sources */,
				CE962B532C35CD1700D415C5 /* TodoListViewModel.swift in Sources */,
				CE962B692C38170500D415C5 /* CalendarViewControllerRepresentable.swift in Sources */,
				CE962B552C35CD3900D415C5 /* TodoItemViewModel.swift in Sources */,
				CE962B952C384FC000D415C5 /* UIColor+Extension.swift in Sources */,
				CE962B9B2C38B6DD00D415C5 /* TaskCategory.swift in Sources */,
				CE962B472C359A5400D415C5 /* Color+Extension.swift in Sources */,
				CEBED2222C25BCB100EEE8D6 /* FileCache.swift in Sources */,
				CED6AE402C2C094900AF1790 /* FieldOrder.swift in Sources */,
				CED6AE462C2C60C500AF1790 /* Date+Equal.swift in Sources */,
				CE962B5B2C36D5E700D415C5 /* View+Extensions.swift in Sources */,
				CE962B5E2C36E25700D415C5 /* CustomColorPicker.swift in Sources */,
				CE962B502C35BDDC00D415C5 /* TaskListView.swift in Sources */,
				CE962B6C2C38177300D415C5 /* CalendarViewController.swift in Sources */,
				CEBED21C2C25BC1C00EEE8D6 /* Importance.swift in Sources */,
				CE962B592C35D08E00D415C5 /* DeadlinePicker.swift in Sources */,
				CE962B602C36E2B100D415C5 /* ColorPalette.swift in Sources */,
				CE23A4B32C2647D2003A48F1 /* TodoItem+Parsing.swift in Sources */,
				CEBED1E62C25B6BA00EEE8D6 /* Item.swift in Sources */,
				CE962B4E2C35AE2100D415C5 /* TodoItemTextView.swift in Sources */,
				CEBED1E22C25B6BA00EEE8D6 /* ToDoYandexApp.swift in Sources */,
			);
			runOnlyForDeploymentPostprocessing = 0;
		};
		CEBED1EC2C25B6BC00EEE8D6 /* Sources */ = {
			isa = PBXSourcesBuildPhase;
			buildActionMask = 2147483647;
			files = (
				CEBED21D2C25BC1C00EEE8D6 /* Importance.swift in Sources */,
				CEBED2122C25B83800EEE8D6 /* TodoItem.swift in Sources */,
				CE0380FD2C2626120052E050 /* FileCacheTests.swift in Sources */,
				CED6AE472C2C60C500AF1790 /* Date+Equal.swift in Sources */,
				CE23A4B42C2647D2003A48F1 /* TodoItem+Parsing.swift in Sources */,
				CEBED2232C25BCB100EEE8D6 /* FileCache.swift in Sources */,
				CED6AE412C2C094900AF1790 /* FieldOrder.swift in Sources */,
				CE0380FF2C2629430052E050 /* TodoItemTests.swift in Sources */,
			);
			runOnlyForDeploymentPostprocessing = 0;
		};
/* End PBXSourcesBuildPhase section */

/* Begin PBXTargetDependency section */
		CEBED1F22C25B6BC00EEE8D6 /* PBXTargetDependency */ = {
			isa = PBXTargetDependency;
			target = CEBED1DD2C25B6B900EEE8D6 /* ToDoAppYandex */;
			targetProxy = CEBED1F12C25B6BC00EEE8D6 /* PBXContainerItemProxy */;
		};
/* End PBXTargetDependency section */

/* Begin XCBuildConfiguration section */
		CEBED2022C25B6BC00EEE8D6 /* Debug */ = {
			isa = XCBuildConfiguration;
			buildSettings = {
				ALWAYS_SEARCH_USER_PATHS = NO;
				ASSETCATALOG_COMPILER_GENERATE_SWIFT_ASSET_SYMBOL_EXTENSIONS = YES;
				CLANG_ANALYZER_NONNULL = YES;
				CLANG_ANALYZER_NUMBER_OBJECT_CONVERSION = YES_AGGRESSIVE;
				CLANG_CXX_LANGUAGE_STANDARD = "gnu++20";
				CLANG_ENABLE_MODULES = YES;
				CLANG_ENABLE_OBJC_ARC = YES;
				CLANG_ENABLE_OBJC_WEAK = YES;
				CLANG_WARN_BLOCK_CAPTURE_AUTORELEASING = YES;
				CLANG_WARN_BOOL_CONVERSION = YES;
				CLANG_WARN_COMMA = YES;
				CLANG_WARN_CONSTANT_CONVERSION = YES;
				CLANG_WARN_DEPRECATED_OBJC_IMPLEMENTATIONS = YES;
				CLANG_WARN_DIRECT_OBJC_ISA_USAGE = YES_ERROR;
				CLANG_WARN_DOCUMENTATION_COMMENTS = YES;
				CLANG_WARN_EMPTY_BODY = YES;
				CLANG_WARN_ENUM_CONVERSION = YES;
				CLANG_WARN_INFINITE_RECURSION = YES;
				CLANG_WARN_INT_CONVERSION = YES;
				CLANG_WARN_NON_LITERAL_NULL_CONVERSION = YES;
				CLANG_WARN_OBJC_IMPLICIT_RETAIN_SELF = YES;
				CLANG_WARN_OBJC_LITERAL_CONVERSION = YES;
				CLANG_WARN_OBJC_ROOT_CLASS = YES_ERROR;
				CLANG_WARN_QUOTED_INCLUDE_IN_FRAMEWORK_HEADER = YES;
				CLANG_WARN_RANGE_LOOP_ANALYSIS = YES;
				CLANG_WARN_STRICT_PROTOTYPES = YES;
				CLANG_WARN_SUSPICIOUS_MOVE = YES;
				CLANG_WARN_UNGUARDED_AVAILABILITY = YES_AGGRESSIVE;
				CLANG_WARN_UNREACHABLE_CODE = YES;
				CLANG_WARN__DUPLICATE_METHOD_MATCH = YES;
				COPY_PHASE_STRIP = NO;
				DEBUG_INFORMATION_FORMAT = dwarf;
				ENABLE_STRICT_OBJC_MSGSEND = YES;
				ENABLE_TESTABILITY = YES;
				ENABLE_USER_SCRIPT_SANDBOXING = YES;
				GCC_C_LANGUAGE_STANDARD = gnu17;
				GCC_DYNAMIC_NO_PIC = NO;
				GCC_NO_COMMON_BLOCKS = YES;
				GCC_OPTIMIZATION_LEVEL = 0;
				GCC_PREPROCESSOR_DEFINITIONS = (
					"DEBUG=1",
					"$(inherited)",
				);
				GCC_WARN_64_TO_32_BIT_CONVERSION = YES;
				GCC_WARN_ABOUT_RETURN_TYPE = YES_ERROR;
				GCC_WARN_UNDECLARED_SELECTOR = YES;
				GCC_WARN_UNINITIALIZED_AUTOS = YES_AGGRESSIVE;
				GCC_WARN_UNUSED_FUNCTION = YES;
				GCC_WARN_UNUSED_VARIABLE = YES;
				IPHONEOS_DEPLOYMENT_TARGET = 17.5;
				LOCALIZATION_PREFERS_STRING_CATALOGS = YES;
				MTL_ENABLE_DEBUG_INFO = INCLUDE_SOURCE;
				MTL_FAST_MATH = YES;
				ONLY_ACTIVE_ARCH = YES;
				SDKROOT = iphoneos;
				SWIFT_ACTIVE_COMPILATION_CONDITIONS = "DEBUG $(inherited)";
				SWIFT_OPTIMIZATION_LEVEL = "-Onone";
			};
			name = Debug;
		};
		CEBED2032C25B6BC00EEE8D6 /* Release */ = {
			isa = XCBuildConfiguration;
			buildSettings = {
				ALWAYS_SEARCH_USER_PATHS = NO;
				ASSETCATALOG_COMPILER_GENERATE_SWIFT_ASSET_SYMBOL_EXTENSIONS = YES;
				CLANG_ANALYZER_NONNULL = YES;
				CLANG_ANALYZER_NUMBER_OBJECT_CONVERSION = YES_AGGRESSIVE;
				CLANG_CXX_LANGUAGE_STANDARD = "gnu++20";
				CLANG_ENABLE_MODULES = YES;
				CLANG_ENABLE_OBJC_ARC = YES;
				CLANG_ENABLE_OBJC_WEAK = YES;
				CLANG_WARN_BLOCK_CAPTURE_AUTORELEASING = YES;
				CLANG_WARN_BOOL_CONVERSION = YES;
				CLANG_WARN_COMMA = YES;
				CLANG_WARN_CONSTANT_CONVERSION = YES;
				CLANG_WARN_DEPRECATED_OBJC_IMPLEMENTATIONS = YES;
				CLANG_WARN_DIRECT_OBJC_ISA_USAGE = YES_ERROR;
				CLANG_WARN_DOCUMENTATION_COMMENTS = YES;
				CLANG_WARN_EMPTY_BODY = YES;
				CLANG_WARN_ENUM_CONVERSION = YES;
				CLANG_WARN_INFINITE_RECURSION = YES;
				CLANG_WARN_INT_CONVERSION = YES;
				CLANG_WARN_NON_LITERAL_NULL_CONVERSION = YES;
				CLANG_WARN_OBJC_IMPLICIT_RETAIN_SELF = YES;
				CLANG_WARN_OBJC_LITERAL_CONVERSION = YES;
				CLANG_WARN_OBJC_ROOT_CLASS = YES_ERROR;
				CLANG_WARN_QUOTED_INCLUDE_IN_FRAMEWORK_HEADER = YES;
				CLANG_WARN_RANGE_LOOP_ANALYSIS = YES;
				CLANG_WARN_STRICT_PROTOTYPES = YES;
				CLANG_WARN_SUSPICIOUS_MOVE = YES;
				CLANG_WARN_UNGUARDED_AVAILABILITY = YES_AGGRESSIVE;
				CLANG_WARN_UNREACHABLE_CODE = YES;
				CLANG_WARN__DUPLICATE_METHOD_MATCH = YES;
				COPY_PHASE_STRIP = NO;
				DEBUG_INFORMATION_FORMAT = "dwarf-with-dsym";
				ENABLE_NS_ASSERTIONS = NO;
				ENABLE_STRICT_OBJC_MSGSEND = YES;
				ENABLE_USER_SCRIPT_SANDBOXING = YES;
				GCC_C_LANGUAGE_STANDARD = gnu17;
				GCC_NO_COMMON_BLOCKS = YES;
				GCC_WARN_64_TO_32_BIT_CONVERSION = YES;
				GCC_WARN_ABOUT_RETURN_TYPE = YES_ERROR;
				GCC_WARN_UNDECLARED_SELECTOR = YES;
				GCC_WARN_UNINITIALIZED_AUTOS = YES_AGGRESSIVE;
				GCC_WARN_UNUSED_FUNCTION = YES;
				GCC_WARN_UNUSED_VARIABLE = YES;
				IPHONEOS_DEPLOYMENT_TARGET = 17.5;
				LOCALIZATION_PREFERS_STRING_CATALOGS = YES;
				MTL_ENABLE_DEBUG_INFO = NO;
				MTL_FAST_MATH = YES;
				SDKROOT = iphoneos;
				SWIFT_COMPILATION_MODE = wholemodule;
				VALIDATE_PRODUCT = YES;
			};
			name = Release;
		};
		CEBED2052C25B6BC00EEE8D6 /* Debug */ = {
			isa = XCBuildConfiguration;
			buildSettings = {
				ASSETCATALOG_COMPILER_APPICON_NAME = AppIcon;
				ASSETCATALOG_COMPILER_GLOBAL_ACCENT_COLOR_NAME = AccentColor;
				CODE_SIGN_STYLE = Automatic;
				CURRENT_PROJECT_VERSION = 1;
				DEVELOPMENT_ASSET_PATHS = "\"ToDoAppYandex/Preview Content\"";
				DEVELOPMENT_TEAM = ZVQAPWNH2V;
				ENABLE_PREVIEWS = YES;
				GENERATE_INFOPLIST_FILE = YES;
				INFOPLIST_KEY_UIApplicationSceneManifest_Generation = YES;
				INFOPLIST_KEY_UIApplicationSupportsIndirectInputEvents = YES;
				INFOPLIST_KEY_UILaunchScreen_Generation = YES;
				INFOPLIST_KEY_UISupportedInterfaceOrientations_iPad = "UIInterfaceOrientationPortrait UIInterfaceOrientationPortraitUpsideDown UIInterfaceOrientationLandscapeLeft UIInterfaceOrientationLandscapeRight";
				INFOPLIST_KEY_UISupportedInterfaceOrientations_iPhone = "UIInterfaceOrientationPortrait UIInterfaceOrientationLandscapeLeft UIInterfaceOrientationLandscapeRight";
				LD_RUNPATH_SEARCH_PATHS = (
					"$(inherited)",
					"@executable_path/Frameworks",
				);
				MARKETING_VERSION = 1.0;
				PRODUCT_BUNDLE_IDENTIFIER = com.nectordev.ToDoAppYandex1;
				PRODUCT_NAME = "$(TARGET_NAME)";
				SWIFT_EMIT_LOC_STRINGS = YES;
				SWIFT_VERSION = 5.0;
				TARGETED_DEVICE_FAMILY = "1,2";
			};
			name = Debug;
		};
		CEBED2062C25B6BC00EEE8D6 /* Release */ = {
			isa = XCBuildConfiguration;
			buildSettings = {
				ASSETCATALOG_COMPILER_APPICON_NAME = AppIcon;
				ASSETCATALOG_COMPILER_GLOBAL_ACCENT_COLOR_NAME = AccentColor;
				CODE_SIGN_STYLE = Automatic;
				CURRENT_PROJECT_VERSION = 1;
				DEVELOPMENT_ASSET_PATHS = "\"ToDoAppYandex/Preview Content\"";
				DEVELOPMENT_TEAM = ZVQAPWNH2V;
				ENABLE_PREVIEWS = YES;
				GENERATE_INFOPLIST_FILE = YES;
				INFOPLIST_KEY_UIApplicationSceneManifest_Generation = YES;
				INFOPLIST_KEY_UIApplicationSupportsIndirectInputEvents = YES;
				INFOPLIST_KEY_UILaunchScreen_Generation = YES;
				INFOPLIST_KEY_UISupportedInterfaceOrientations_iPad = "UIInterfaceOrientationPortrait UIInterfaceOrientationPortraitUpsideDown UIInterfaceOrientationLandscapeLeft UIInterfaceOrientationLandscapeRight";
				INFOPLIST_KEY_UISupportedInterfaceOrientations_iPhone = "UIInterfaceOrientationPortrait UIInterfaceOrientationLandscapeLeft UIInterfaceOrientationLandscapeRight";
				LD_RUNPATH_SEARCH_PATHS = (
					"$(inherited)",
					"@executable_path/Frameworks",
				);
				MARKETING_VERSION = 1.0;
				PRODUCT_BUNDLE_IDENTIFIER = com.nectordev.ToDoAppYandex1;
				PRODUCT_NAME = "$(TARGET_NAME)";
				SWIFT_EMIT_LOC_STRINGS = YES;
				SWIFT_VERSION = 5.0;
				TARGETED_DEVICE_FAMILY = "1,2";
			};
			name = Release;
		};
		CEBED2082C25B6BC00EEE8D6 /* Debug */ = {
			isa = XCBuildConfiguration;
			buildSettings = {
				ALWAYS_EMBED_SWIFT_STANDARD_LIBRARIES = YES;
				BUNDLE_LOADER = "$(TEST_HOST)";
				CODE_SIGN_STYLE = Automatic;
				CURRENT_PROJECT_VERSION = 1;
				DEVELOPMENT_TEAM = ZVQAPWNH2V;
				GENERATE_INFOPLIST_FILE = YES;
				IPHONEOS_DEPLOYMENT_TARGET = 17.5;
				MARKETING_VERSION = 1.0;
				PRODUCT_BUNDLE_IDENTIFIER = com.nectordev.ToDoAppYandexTests;
				PRODUCT_NAME = "$(TARGET_NAME)";
				SWIFT_EMIT_LOC_STRINGS = NO;
				SWIFT_VERSION = 5.0;
				TARGETED_DEVICE_FAMILY = "1,2";
				TEST_HOST = "$(BUILT_PRODUCTS_DIR)/ToDoAppYandex.app/$(BUNDLE_EXECUTABLE_FOLDER_PATH)/ToDoAppYandex";
			};
			name = Debug;
		};
		CEBED2092C25B6BC00EEE8D6 /* Release */ = {
			isa = XCBuildConfiguration;
			buildSettings = {
				ALWAYS_EMBED_SWIFT_STANDARD_LIBRARIES = YES;
				BUNDLE_LOADER = "$(TEST_HOST)";
				CODE_SIGN_STYLE = Automatic;
				CURRENT_PROJECT_VERSION = 1;
				DEVELOPMENT_TEAM = ZVQAPWNH2V;
				GENERATE_INFOPLIST_FILE = YES;
				IPHONEOS_DEPLOYMENT_TARGET = 17.5;
				MARKETING_VERSION = 1.0;
				PRODUCT_BUNDLE_IDENTIFIER = com.nectordev.ToDoAppYandexTests;
				PRODUCT_NAME = "$(TARGET_NAME)";
				SWIFT_EMIT_LOC_STRINGS = NO;
				SWIFT_VERSION = 5.0;
				TARGETED_DEVICE_FAMILY = "1,2";
				TEST_HOST = "$(BUILT_PRODUCTS_DIR)/ToDoAppYandex.app/$(BUNDLE_EXECUTABLE_FOLDER_PATH)/ToDoAppYandex";
			};
			name = Release;
		};
/* End XCBuildConfiguration section */

/* Begin XCConfigurationList section */
		CEBED1D92C25B6B900EEE8D6 /* Build configuration list for PBXProject "ToDoAppYandex" */ = {
			isa = XCConfigurationList;
			buildConfigurations = (
				CEBED2022C25B6BC00EEE8D6 /* Debug */,
				CEBED2032C25B6BC00EEE8D6 /* Release */,
			);
			defaultConfigurationIsVisible = 0;
			defaultConfigurationName = Release;
		};
		CEBED2042C25B6BC00EEE8D6 /* Build configuration list for PBXNativeTarget "ToDoAppYandex" */ = {
			isa = XCConfigurationList;
			buildConfigurations = (
				CEBED2052C25B6BC00EEE8D6 /* Debug */,
				CEBED2062C25B6BC00EEE8D6 /* Release */,
			);
			defaultConfigurationIsVisible = 0;
			defaultConfigurationName = Release;
		};
		CEBED2072C25B6BC00EEE8D6 /* Build configuration list for PBXNativeTarget "ToDoAppYandexTests" */ = {
			isa = XCConfigurationList;
			buildConfigurations = (
				CEBED2082C25B6BC00EEE8D6 /* Debug */,
				CEBED2092C25B6BC00EEE8D6 /* Release */,
			);
			defaultConfigurationIsVisible = 0;
			defaultConfigurationName = Release;
		};
/* End XCConfigurationList section */
	};
	rootObject = CEBED1D62C25B6B900EEE8D6 /* Project object */;
}
